github.com/gentlemanautomaton/winguid v0.0.0-20190307223039-3f364f74ee74 h1:KBOUk7aWPrrx9pu4UntVtVJXWwLE1Z5w/vqOFLrsvhQ=
github.com/gentlemanautomaton/winguid v0.0.0-20190307223039-3f364f74ee74/go.mod h1:w5CgCbxt8D1rCLKpdgBQLXc+19nItCmTwA8r+pDvlro=
golang.org/x/sys v0.1.0 h1:kunALQeHf1/185U1i0GOB/fy1IPRDDpuoOOqRReG57U=
golang.org/x/sys v0.1.0/go.mod h1:oPkhp1MJrh7nUepCBck5+mAzfO9JrbApNNgaTdGDITg=
